
Microsoft Visual Studio Solution File, Format Version 12.00
# Visual Studio Version 17
VisualStudioVersion = 17.9.34723.18
MinimumVisualStudioVersion = 10.0.40219.1
Project("{9A19103F-16F7-4668-BE54-9A1E7A4F7556}") = "FolderSynchronizer", "FolderSynchronizer\FolderSynchronizer.csproj", "{21228E5F-FCFA-4ADF-8573-A7CBE02A9C63}"
EndProject
Global
	GlobalSection(SolutionConfigurationPlatforms) = preSolution
		Debug|Any CPU = Debug|Any CPU
		Release|Any CPU = Release|Any CPU
	EndGlobalSection
	GlobalSection(ProjectConfigurationPlatforms) = postSolution
		{21228E5F-FCFA-4ADF-8573-A7CBE02A9C63}.Debug|Any CPU.ActiveCfg = Debug|Any CPU
		{21228E5F-FCFA-4ADF-8573-A7CBE02A9C63}.Debug|Any CPU.Build.0 = Debug|Any CPU
		{21228E5F-FCFA-4ADF-8573-A7CBE02A9C63}.Release|Any CPU.ActiveCfg = Release|Any CPU
		{21228E5F-FCFA-4ADF-8573-A7CBE02A9C63}.Release|Any CPU.Build.0 = Release|Any CPU
	EndGlobalSection
	GlobalSection(SolutionProperties) = preSolution
		HideSolutionNode = FALSE
	EndGlobalSection
	GlobalSection(ExtensibilityGlobals) = postSolution
		SolutionGuid = {316EF6E3-0F0D-49FF-A77B-E973FF624B0B}
	EndGlobalSection
EndGlobal
